
Microsoft Visual Studio Solution File, Format Version 12.00
# Visual Studio 2013
VisualStudioVersion = 12.0.30501.0
MinimumVisualStudioVersion = 10.0.40219.1
Project("{FAE04EC0-301F-11D3-BF4B-00C04F79EFBC}") = "Parser_SGF", "Parser_SGF\Parser_SGF.csproj", "{8263010C-53D4-4C4A-A714-7D850CD0C8BD}"
EndProject
Global
	GlobalSection(SolutionConfigurationPlatforms) = preSolution
		Debug|Any CPU = Debug|Any CPU
		Release|Any CPU = Release|Any CPU
	EndGlobalSection
	GlobalSection(ProjectConfigurationPlatforms) = postSolution
		{8263010C-53D4-4C4A-A714-7D850CD0C8BD}.Debug|Any CPU.ActiveCfg = Debug|Any CPU
		{8263010C-53D4-4C4A-A714-7D850CD0C8BD}.Debug|Any CPU.Build.0 = Debug|Any CPU
		{8263010C-53D4-4C4A-A714-7D850CD0C8BD}.Release|Any CPU.ActiveCfg = Release|Any CPU
		{8263010C-53D4-4C4A-A714-7D850CD0C8BD}.Release|Any CPU.Build.0 = Release|Any CPU
	EndGlobalSection
	GlobalSection(SolutionProperties) = preSolution
		HideSolutionNode = FALSE
	EndGlobalSection
EndGlobal
